
Microsoft Visual Studio Solution File, Format Version 12.00
# Visual Studio Version 17
VisualStudioVersion = 17.6.33801.468
MinimumVisualStudioVersion = 10.0.40219.1
Project("{FAE04EC0-301F-11D3-BF4B-00C04F79EFBC}") = "P01_StudentSystem", "P01_StudentSystem\P01_StudentSystem.csproj", "{6BE37448-2CC5-4168-A2D4-B5E3BBB84F8D}"
EndProject
Project("{FAE04EC0-301F-11D3-BF4B-00C04F79EFBC}") = "P01_StudentSystem.Data", "P01_StudentSystem.Data\P01_StudentSystem.Data.csproj", "{DE1E1785-10E9-47C0-8A7C-4DC71C24318C}"
EndProject
Project("{FAE04EC0-301F-11D3-BF4B-00C04F79EFBC}") = "P01_StudentSystem.Data.Models", "P01_StudentSystem.Data.Models\P01_StudentSystem.Data.Models.csproj", "{F719A615-A2BC-473D-AB3E-FAAC697D25C0}"
EndProject
Project("{FAE04EC0-301F-11D3-BF4B-00C04F79EFBC}") = "StudentSystem.Common", "StudentSystem.Common\StudentSystem.Common.csproj", "{B338F9EF-BB98-4E8A-BF83-61D0D7D5EA66}"
EndProject
Global
	GlobalSection(SolutionConfigurationPlatforms) = preSolution
		Debug|Any CPU = Debug|Any CPU
		Release|Any CPU = Release|Any CPU
	EndGlobalSection
	GlobalSection(ProjectConfigurationPlatforms) = postSolution
		{6BE37448-2CC5-4168-A2D4-B5E3BBB84F8D}.Debug|Any CPU.ActiveCfg = Debug|Any CPU
		{6BE37448-2CC5-4168-A2D4-B5E3BBB84F8D}.Debug|Any CPU.Build.0 = Debug|Any CPU
		{6BE37448-2CC5-4168-A2D4-B5E3BBB84F8D}.Release|Any CPU.ActiveCfg = Release|Any CPU
		{6BE37448-2CC5-4168-A2D4-B5E3BBB84F8D}.Release|Any CPU.Build.0 = Release|Any CPU
		{DE1E1785-10E9-47C0-8A7C-4DC71C24318C}.Debug|Any CPU.ActiveCfg = Debug|Any CPU
		{DE1E1785-10E9-47C0-8A7C-4DC71C24318C}.Debug|Any CPU.Build.0 = Debug|Any CPU
		{DE1E1785-10E9-47C0-8A7C-4DC71C24318C}.Release|Any CPU.ActiveCfg = Release|Any CPU
		{DE1E1785-10E9-47C0-8A7C-4DC71C24318C}.Release|Any CPU.Build.0 = Release|Any CPU
		{F719A615-A2BC-473D-AB3E-FAAC697D25C0}.Debug|Any CPU.ActiveCfg = Debug|Any CPU
		{F719A615-A2BC-473D-AB3E-FAAC697D25C0}.Debug|Any CPU.Build.0 = Debug|Any CPU
		{F719A615-A2BC-473D-AB3E-FAAC697D25C0}.Release|Any CPU.ActiveCfg = Release|Any CPU
		{F719A615-A2BC-473D-AB3E-FAAC697D25C0}.Release|Any CPU.Build.0 = Release|Any CPU
		{B338F9EF-BB98-4E8A-BF83-61D0D7D5EA66}.Debug|Any CPU.ActiveCfg = Debug|Any CPU
		{B338F9EF-BB98-4E8A-BF83-61D0D7D5EA66}.Debug|Any CPU.Build.0 = Debug|Any CPU
		{B338F9EF-BB98-4E8A-BF83-61D0D7D5EA66}.Release|Any CPU.ActiveCfg = Release|Any CPU
		{B338F9EF-BB98-4E8A-BF83-61D0D7D5EA66}.Release|Any CPU.Build.0 = Release|Any CPU
	EndGlobalSection
	GlobalSection(SolutionProperties) = preSolution
		HideSolutionNode = FALSE
	EndGlobalSection
	GlobalSection(ExtensibilityGlobals) = postSolution
		SolutionGuid = {A483020F-72AB-4AB0-BC09-716B206885A4}
	EndGlobalSection
EndGlobal
